// !$*UTF8*$!
{
	archiveVersion = 1;
	classes = {
	};
	objectVersion = 46;
	objects = {

/* Begin PBXBuildFile section */
		AB4E6B71942CA33100211DC3 /* libPods-TestLeakDemo.a in Frameworks */ = {isa = PBXBuildFile; fileRef = 9B7C26A5D5A5047649822A16 /* libPods-TestLeakDemo.a */; };
		D04B57881D51D332000E6BC8 /* main.m in Sources */ = {isa = PBXBuildFile; fileRef = D04B57871D51D332000E6BC8 /* main.m */; };
		D04B578B1D51D332000E6BC8 /* AppDelegate.m in Sources */ = {isa = PBXBuildFile; fileRef = D04B578A1D51D332000E6BC8 /* AppDelegate.m */; };
		D04B578E1D51D332000E6BC8 /* ViewController.m in Sources */ = {isa = PBXBuildFile; fileRef = D04B578D1D51D332000E6BC8 /* ViewController.m */; };
		D04B57911D51D332000E6BC8 /* Main.storyboard in Resources */ = {isa = PBXBuildFile; fileRef = D04B578F1D51D332000E6BC8 /* Main.storyboard */; };
		D04B57931D51D332000E6BC8 /* Assets.xcassets in Resources */ = {isa = PBXBuildFile; fileRef = D04B57921D51D332000E6BC8 /* Assets.xcassets */; };
		D04B57961D51D332000E6BC8 /* LaunchScreen.storyboard in Resources */ = {isa = PBXBuildFile; fileRef = D04B57941D51D332000E6BC8 /* LaunchScreen.storyboard */; };
		D04B57A11D51D332000E6BC8 /* TestLeakDemoTests.m in Sources */ = {isa = PBXBuildFile; fileRef = D04B57A01D51D332000E6BC8 /* TestLeakDemoTests.m */; };
		D04B57AC1D51D332000E6BC8 /* TestLeakDemoUITests.m in Sources */ = {isa = PBXBuildFile; fileRef = D04B57AB1D51D332000E6BC8 /* TestLeakDemoUITests.m */; };
		D04B57BB1D51D43B000E6BC8 /* TestViewController.m in Sources */ = {isa = PBXBuildFile; fileRef = D04B57BA1D51D43B000E6BC8 /* TestViewController.m */; };
		D04B57BE1D51D550000E6BC8 /* TestView.m in Sources */ = {isa = PBXBuildFile; fileRef = D04B57BD1D51D550000E6BC8 /* TestView.m */; };
/* End PBXBuildFile section */

/* Begin PBXContainerItemProxy section */
		D04B579D1D51D332000E6BC8 /* PBXContainerItemProxy */ = {
			isa = PBXContainerItemProxy;
			containerPortal = D04B577B1D51D332000E6BC8 /* Project object */;
			proxyType = 1;
			remoteGlobalIDString = D04B57821D51D332000E6BC8;
			remoteInfo = TestLeakDemo;
		};
		D04B57A81D51D332000E6BC8 /* PBXContainerItemProxy */ = {
			isa = PBXContainerItemProxy;
			containerPortal = D04B577B1D51D332000E6BC8 /* Project object */;
			proxyType = 1;
			remoteGlobalIDString = D04B57821D51D332000E6BC8;
			remoteInfo = TestLeakDemo;
		};
/* End PBXContainerItemProxy section */

/* Begin PBXFileReference section */
		774AC0B8310EEE74CFD93478 /* Pods-TestLeakDemo.debug.xcconfig */ = {isa = PBXFileReference; includeInIndex = 1; lastKnownFileType = text.xcconfig; name = "Pods-TestLeakDemo.debug.xcconfig"; path = "Pods/Target Support Files/Pods-TestLeakDemo/Pods-TestLeakDemo.debug.xcconfig"; sourceTree = "<group>"; };
		87519D318462CF60D2A1F6E2 /* Pods-TestLeakDemo.release.xcconfig */ = {isa = PBXFileReference; includeInIndex = 1; lastKnownFileType = text.xcconfig; name = "Pods-TestLeakDemo.release.xcconfig"; path = "Pods/Target Support Files/Pods-TestLeakDemo/Pods-TestLeakDemo.release.xcconfig"; sourceTree = "<group>"; };
		9B7C26A5D5A5047649822A16 /* libPods-TestLeakDemo.a */ = {isa = PBXFileReference; explicitFileType = archive.ar; includeInIndex = 0; path = "libPods-TestLeakDemo.a"; sourceTree = BUILT_PRODUCTS_DIR; };
		D04B57831D51D332000E6BC8 /* TestLeakDemo.app */ = {isa = PBXFileReference; explicitFileType = wrapper.application; includeInIndex = 0; path = TestLeakDemo.app; sourceTree = BUILT_PRODUCTS_DIR; };
		D04B57871D51D332000E6BC8 /* main.m */ = {isa = PBXFileReference; lastKnownFileType = sourcecode.c.objc; path = main.m; sourceTree = "<group>"; };
		D04B57891D51D332000E6BC8 /* AppDelegate.h */ = {isa = PBXFileReference; lastKnownFileType = sourcecode.c.h; path = AppDelegate.h; sourceTree = "<group>"; };
		D04B578A1D51D332000E6BC8 /* AppDelegate.m */ = {isa = PBXFileReference; lastKnownFileType = sourcecode.c.objc; path = AppDelegate.m; sourceTree = "<group>"; };
		D04B578C1D51D332000E6BC8 /* ViewController.h */ = {isa = PBXFileReference; lastKnownFileType = sourcecode.c.h; path = ViewController.h; sourceTree = "<group>"; };
		D04B578D1D51D332000E6BC8 /* ViewController.m */ = {isa = PBXFileReference; lastKnownFileType = sourcecode.c.objc; path = ViewController.m; sourceTree = "<group>"; };
		D04B57901D51D332000E6BC8 /* Base */ = {isa = PBXFileReference; lastKnownFileType = file.storyboard; name = Base; path = Base.lproj/Main.storyboard; sourceTree = "<group>"; };
		D04B57921D51D332000E6BC8 /* Assets.xcassets */ = {isa = PBXFileReference; lastKnownFileType = folder.assetcatalog; path = Assets.xcassets; sourceTree = "<group>"; };
		D04B57951D51D332000E6BC8 /* Base */ = {isa = PBXFileReference; lastKnownFileType = file.storyboard; name = Base; path = Base.lproj/LaunchScreen.storyboard; sourceTree = "<group>"; };
		D04B57971D51D332000E6BC8 /* Info.plist */ = {isa = PBXFileReference; lastKnownFileType = text.plist.xml; path = Info.plist; sourceTree = "<group>"; };
		D04B579C1D51D332000E6BC8 /* TestLeakDemoTests.xctest */ = {isa = PBXFileReference; explicitFileType = wrapper.cfbundle; includeInIndex = 0; path = TestLeakDemoTests.xctest; sourceTree = BUILT_PRODUCTS_DIR; };
		D04B57A01D51D332000E6BC8 /* TestLeakDemoTests.m */ = {isa = PBXFileReference; lastKnownFileType = sourcecode.c.objc; path = TestLeakDemoTests.m; sourceTree = "<group>"; };
		D04B57A21D51D332000E6BC8 /* Info.plist */ = {isa = PBXFileReference; lastKnownFileType = text.plist.xml; path = Info.plist; sourceTree = "<group>"; };
		D04B57A71D51D332000E6BC8 /* TestLeakDemoUITests.xctest */ = {isa = PBXFileReference; explicitFileType = wrapper.cfbundle; includeInIndex = 0; path = TestLeakDemoUITests.xctest; sourceTree = BUILT_PRODUCTS_DIR; };
		D04B57AB1D51D332000E6BC8 /* TestLeakDemoUITests.m */ = {isa = PBXFileReference; lastKnownFileType = sourcecode.c.objc; path = TestLeakDemoUITests.m; sourceTree = "<group>"; };
		D04B57AD1D51D332000E6BC8 /* Info.plist */ = {isa = PBXFileReference; lastKnownFileType = text.plist.xml; path = Info.plist; sourceTree = "<group>"; };
		D04B57B91D51D43B000E6BC8 /* TestViewController.h */ = {isa = PBXFileReference; fileEncoding = 4; lastKnownFileType = sourcecode.c.h; path = TestViewController.h; sourceTree = "<group>"; };
		D04B57BA1D51D43B000E6BC8 /* TestViewController.m */ = {isa = PBXFileReference; fileEncoding = 4; lastKnownFileType = sourcecode.c.objc; path = TestViewController.m; sourceTree = "<group>"; };
		D04B57BC1D51D550000E6BC8 /* TestView.h */ = {isa = PBXFileReference; fileEncoding = 4; lastKnownFileType = sourcecode.c.h; path = TestView.h; sourceTree = "<group>"; };
		D04B57BD1D51D550000E6BC8 /* TestView.m */ = {isa = PBXFileReference; fileEncoding = 4; lastKnownFileType = sourcecode.c.objc; path = TestView.m; sourceTree = "<group>"; };
/* End PBXFileReference section */

/* Begin PBXFrameworksBuildPhase section */
		D04B57801D51D332000E6BC8 /* Frameworks */ = {
			isa = PBXFrameworksBuildPhase;
			buildActionMask = 2147483647;
			files = (
				AB4E6B71942CA33100211DC3 /* libPods-TestLeakDemo.a in Frameworks */,
			);
			runOnlyForDeploymentPostprocessing = 0;
		};
		D04B57991D51D332000E6BC8 /* Frameworks */ = {
			isa = PBXFrameworksBuildPhase;
			buildActionMask = 2147483647;
			files = (
			);
			runOnlyForDeploymentPostprocessing = 0;
		};
		D04B57A41D51D332000E6BC8 /* Frameworks */ = {
			isa = PBXFrameworksBuildPhase;
			buildActionMask = 2147483647;
			files = (
			);
			runOnlyForDeploymentPostprocessing = 0;
		};
/* End PBXFrameworksBuildPhase section */

/* Begin PBXGroup section */
		1F5ED23C0BD77BADEE9529B7 /* Frameworks */ = {
			isa = PBXGroup;
			children = (
				9B7C26A5D5A5047649822A16 /* libPods-TestLeakDemo.a */,
			);
			name = Frameworks;
			sourceTree = "<group>";
		};
		C848D55AE57E905645D1D39C /* Pods */ = {
			isa = PBXGroup;
			children = (
				774AC0B8310EEE74CFD93478 /* Pods-TestLeakDemo.debug.xcconfig */,
				87519D318462CF60D2A1F6E2 /* Pods-TestLeakDemo.release.xcconfig */,
			);
			name = Pods;
			sourceTree = "<group>";
		};
		D04B577A1D51D332000E6BC8 = {
			isa = PBXGroup;
			children = (
				D04B57851D51D332000E6BC8 /* TestLeakDemo */,
				D04B579F1D51D332000E6BC8 /* TestLeakDemoTests */,
				D04B57AA1D51D332000E6BC8 /* TestLeakDemoUITests */,
				D04B57841D51D332000E6BC8 /* Products */,
				C848D55AE57E905645D1D39C /* Pods */,
				1F5ED23C0BD77BADEE9529B7 /* Frameworks */,
			);
			sourceTree = "<group>";
		};
		D04B57841D51D332000E6BC8 /* Products */ = {
			isa = PBXGroup;
			children = (
				D04B57831D51D332000E6BC8 /* TestLeakDemo.app */,
				D04B579C1D51D332000E6BC8 /* TestLeakDemoTests.xctest */,
				D04B57A71D51D332000E6BC8 /* TestLeakDemoUITests.xctest */,
			);
			name = Products;
			sourceTree = "<group>";
		};
		D04B57851D51D332000E6BC8 /* TestLeakDemo */ = {
			isa = PBXGroup;
			children = (
				D04B57891D51D332000E6BC8 /* AppDelegate.h */,
				D04B578A1D51D332000E6BC8 /* AppDelegate.m */,
				D04B578C1D51D332000E6BC8 /* ViewController.h */,
				D04B578D1D51D332000E6BC8 /* ViewController.m */,
				D04B57B91D51D43B000E6BC8 /* TestViewController.h */,
				D04B57BA1D51D43B000E6BC8 /* TestViewController.m */,
				D04B57BC1D51D550000E6BC8 /* TestView.h */,
				D04B57BD1D51D550000E6BC8 /* TestView.m */,
				D04B578F1D51D332000E6BC8 /* Main.storyboard */,
				D04B57921D51D332000E6BC8 /* Assets.xcassets */,
				D04B57941D51D332000E6BC8 /* LaunchScreen.storyboard */,
				D04B57971D51D332000E6BC8 /* Info.plist */,
				D04B57861D51D332000E6BC8 /* Supporting Files */,
			);
			path = TestLeakDemo;
			sourceTree = "<group>";
		};
		D04B57861D51D332000E6BC8 /* Supporting Files */ = {
			isa = PBXGroup;
			children = (
				D04B57871D51D332000E6BC8 /* main.m */,
			);
			name = "Supporting Files";
			sourceTree = "<group>";
		};
		D04B579F1D51D332000E6BC8 /* TestLeakDemoTests */ = {
			isa = PBXGroup;
			children = (
				D04B57A01D51D332000E6BC8 /* TestLeakDemoTests.m */,
				D04B57A21D51D332000E6BC8 /* Info.plist */,
			);
			path = TestLeakDemoTests;
			sourceTree = "<group>";
		};
		D04B57AA1D51D332000E6BC8 /* TestLeakDemoUITests */ = {
			isa = PBXGroup;
			children = (
				D04B57AB1D51D332000E6BC8 /* TestLeakDemoUITests.m */,
				D04B57AD1D51D332000E6BC8 /* Info.plist */,
			);
			path = TestLeakDemoUITests;
			sourceTree = "<group>";
		};
/* End PBXGroup section */

/* Begin PBXNativeTarget section */
		D04B57821D51D332000E6BC8 /* TestLeakDemo */ = {
			isa = PBXNativeTarget;
			buildConfigurationList = D04B57B01D51D332000E6BC8 /* Build configuration list for PBXNativeTarget "TestLeakDemo" */;
			buildPhases = (
				747B73136781843D90809A6D /* [CP] Check Pods Manifest.lock */,
				D04B577F1D51D332000E6BC8 /* Sources */,
				D04B57801D51D332000E6BC8 /* Frameworks */,
				D04B57811D51D332000E6BC8 /* Resources */,
				630493EDF875FA3AF2FA61F7 /* [CP] Embed Pods Frameworks */,
				0EF5799CA2A90E1BFCEE3574 /* [CP] Copy Pods Resources */,
			);
			buildRules = (
			);
			dependencies = (
			);
			name = TestLeakDemo;
			productName = TestLeakDemo;
			productReference = D04B57831D51D332000E6BC8 /* TestLeakDemo.app */;
			productType = "com.apple.product-type.application";
		};
		D04B579B1D51D332000E6BC8 /* TestLeakDemoTests */ = {
			isa = PBXNativeTarget;
			buildConfigurationList = D04B57B31D51D332000E6BC8 /* Build configuration list for PBXNativeTarget "TestLeakDemoTests" */;
			buildPhases = (
				D04B57981D51D332000E6BC8 /* Sources */,
				D04B57991D51D332000E6BC8 /* Frameworks */,
				D04B579A1D51D332000E6BC8 /* Resources */,
			);
			buildRules = (
			);
			dependencies = (
				D04B579E1D51D332000E6BC8 /* PBXTargetDependency */,
			);
			name = TestLeakDemoTests;
			productName = TestLeakDemoTests;
			productReference = D04B579C1D51D332000E6BC8 /* TestLeakDemoTests.xctest */;
			productType = "com.apple.product-type.bundle.unit-test";
		};
		D04B57A61D51D332000E6BC8 /* TestLeakDemoUITests */ = {
			isa = PBXNativeTarget;
			buildConfigurationList = D04B57B61D51D332000E6BC8 /* Build configuration list for PBXNativeTarget "TestLeakDemoUITests" */;
			buildPhases = (
				D04B57A31D51D332000E6BC8 /* Sources */,
				D04B57A41D51D332000E6BC8 /* Frameworks */,
				D04B57A51D51D332000E6BC8 /* Resources */,
			);
			buildRules = (
			);
			dependencies = (
				D04B57A91D51D332000E6BC8 /* PBXTargetDependency */,
			);
			name = TestLeakDemoUITests;
			productName = TestLeakDemoUITests;
			productReference = D04B57A71D51D332000E6BC8 /* TestLeakDemoUITests.xctest */;
			productType = "com.apple.product-type.bundle.ui-testing";
		};
/* End PBXNativeTarget section */

/* Begin PBXProject section */
		D04B577B1D51D332000E6BC8 /* Project object */ = {
			isa = PBXProject;
			attributes = {
				LastUpgradeCheck = 0730;
				ORGANIZATIONNAME = "陈博文";
				TargetAttributes = {
					D04B57821D51D332000E6BC8 = {
						CreatedOnToolsVersion = 7.3;
					};
					D04B579B1D51D332000E6BC8 = {
						CreatedOnToolsVersion = 7.3;
						TestTargetID = D04B57821D51D332000E6BC8;
					};
					D04B57A61D51D332000E6BC8 = {
						CreatedOnToolsVersion = 7.3;
						TestTargetID = D04B57821D51D332000E6BC8;
					};
				};
			};
			buildConfigurationList = D04B577E1D51D332000E6BC8 /* Build configuration list for PBXProject "TestLeakDemo" */;
			compatibilityVersion = "Xcode 3.2";
			developmentRegion = English;
			hasScannedForEncodings = 0;
			knownRegions = (
				en,
				Base,
			);
			mainGroup = D04B577A1D51D332000E6BC8;
			productRefGroup = D04B57841D51D332000E6BC8 /* Products */;
			projectDirPath = "";
			projectRoot = "";
			targets = (
				D04B57821D51D332000E6BC8 /* TestLeakDemo */,
				D04B579B1D51D332000E6BC8 /* TestLeakDemoTests */,
				D04B57A61D51D332000E6BC8 /* TestLeakDemoUITests */,
			);
		};
/* End PBXProject section */

/* Begin PBXResourcesBuildPhase section */
		D04B57811D51D332000E6BC8 /* Resources */ = {
			isa = PBXResourcesBuildPhase;
			buildActionMask = 2147483647;
			files = (
				D04B57961D51D332000E6BC8 /* LaunchScreen.storyboard in Resources */,
				D04B57931D51D332000E6BC8 /* Assets.xcassets in Resources */,
				D04B57911D51D332000E6BC8 /* Main.storyboard in Resources */,
			);
			runOnlyForDeploymentPostprocessing = 0;
		};
		D04B579A1D51D332000E6BC8 /* Resources */ = {
			isa = PBXResourcesBuildPhase;
			buildActionMask = 2147483647;
			files = (
			);
			runOnlyForDeploymentPostprocessing = 0;
		};
		D04B57A51D51D332000E6BC8 /* Resources */ = {
			isa = PBXResourcesBuildPhase;
			buildActionMask = 2147483647;
			files = (
			);
			runOnlyForDeploymentPostprocessing = 0;
		};
/* End PBXResourcesBuildPhase section */

/* Begin PBXShellScriptBuildPhase section */
		0EF5799CA2A90E1BFCEE3574 /* [CP] Copy Pods Resources */ = {
			isa = PBXShellScriptBuildPhase;
			buildActionMask = 2147483647;
			files = (
			);
			inputPaths = (
			);
			name = "[CP] Copy Pods Resources";
			outputPaths = (
			);
			runOnlyForDeploymentPostprocessing = 0;
			shellPath = /bin/sh;
			shellScript = "\"${SRCROOT}/Pods/Target Support Files/Pods-TestLeakDemo/Pods-TestLeakDemo-resources.sh\"\n";
			showEnvVarsInLog = 0;
		};
		630493EDF875FA3AF2FA61F7 /* [CP] Embed Pods Frameworks */ = {
			isa = PBXShellScriptBuildPhase;
			buildActionMask = 2147483647;
			files = (
			);
			inputPaths = (
			);
			name = "[CP] Embed Pods Frameworks";
			outputPaths = (
			);
			runOnlyForDeploymentPostprocessing = 0;
			shellPath = /bin/sh;
			shellScript = "\"${SRCROOT}/Pods/Target Support Files/Pods-TestLeakDemo/Pods-TestLeakDemo-frameworks.sh\"\n";
			showEnvVarsInLog = 0;
		};
		747B73136781843D90809A6D /* [CP] Check Pods Manifest.lock */ = {
			isa = PBXShellScriptBuildPhase;
			buildActionMask = 2147483647;
			files = (
			);
			inputPaths = (
			);
			name = "[CP] Check Pods Manifest.lock";
			outputPaths = (
			);
			runOnlyForDeploymentPostprocessing = 0;
			shellPath = /bin/sh;
			shellScript = "diff \"${PODS_ROOT}/../Podfile.lock\" \"${PODS_ROOT}/Manifest.lock\" > /dev/null\nif [[ $? != 0 ]] ; then\n    cat << EOM\nerror: The sandbox is not in sync with the Podfile.lock. Run 'pod install' or update your CocoaPods installation.\nEOM\n    exit 1\nfi\n";
			showEnvVarsInLog = 0;
		};
/* End PBXShellScriptBuildPhase section */

/* Begin PBXSourcesBuildPhase section */
		D04B577F1D51D332000E6BC8 /* Sources */ = {
			isa = PBXSourcesBuildPhase;
			buildActionMask = 2147483647;
			files = (
				D04B578E1D51D332000E6BC8 /* ViewController.m in Sources */,
				D04B578B1D51D332000E6BC8 /* AppDelegate.m in Sources */,
				D04B57BE1D51D550000E6BC8 /* TestView.m in Sources */,
				D04B57BB1D51D43B000E6BC8 /* TestViewController.m in Sources */,
				D04B57881D51D332000E6BC8 /* main.m in Sources */,
			);
			runOnlyForDeploymentPostprocessing = 0;
		};
		D04B57981D51D332000E6BC8 /* Sources */ = {
			isa = PBXSourcesBuildPhase;
			buildActionMask = 2147483647;
			files = (
				D04B57A11D51D332000E6BC8 /* TestLeakDemoTests.m in Sources */,
			);
			runOnlyForDeploymentPostprocessing = 0;
		};
		D04B57A31D51D332000E6BC8 /* Sources */ = {
			isa = PBXSourcesBuildPhase;
			buildActionMask = 2147483647;
			files = (
				D04B57AC1D51D332000E6BC8 /* TestLeakDemoUITests.m in Sources */,
			);
			runOnlyForDeploymentPostprocessing = 0;
		};
/* End PBXSourcesBuildPhase section */

/* Begin PBXTargetDependency section */
		D04B579E1D51D332000E6BC8 /* PBXTargetDependency */ = {
			isa = PBXTargetDependency;
			target = D04B57821D51D332000E6BC8 /* TestLeakDemo */;
			targetProxy = D04B579D1D51D332000E6BC8 /* PBXContainerItemProxy */;
		};
		D04B57A91D51D332000E6BC8 /* PBXTargetDependency */ = {
			isa = PBXTargetDependency;
			target = D04B57821D51D332000E6BC8 /* TestLeakDemo */;
			targetProxy = D04B57A81D51D332000E6BC8 /* PBXContainerItemProxy */;
		};
/* End PBXTargetDependency section */

/* Begin PBXVariantGroup section */
		D04B578F1D51D332000E6BC8 /* Main.storyboard */ = {
			isa = PBXVariantGroup;
			children = (
				D04B57901D51D332000E6BC8 /* Base */,
			);
			name = Main.storyboard;
			sourceTree = "<group>";
		};
		D04B57941D51D332000E6BC8 /* LaunchScreen.storyboard */ = {
			isa = PBXVariantGroup;
			children = (
				D04B57951D51D332000E6BC8 /* Base */,
			);
			name = LaunchScreen.storyboard;
			sourceTree = "<group>";
		};
/* End PBXVariantGroup section */

/* Begin XCBuildConfiguration section */
		D04B57AE1D51D332000E6BC8 /* Debug */ = {
			isa = XCBuildConfiguration;
			buildSettings = {
				ALWAYS_SEARCH_USER_PATHS = NO;
				CLANG_ANALYZER_NONNULL = YES;
				CLANG_CXX_LANGUAGE_STANDARD = "gnu++0x";
				CLANG_CXX_LIBRARY = "libc++";
				CLANG_ENABLE_MODULES = YES;
				CLANG_ENABLE_OBJC_ARC = YES;
				CLANG_WARN_BOOL_CONVERSION = YES;
				CLANG_WARN_CONSTANT_CONVERSION = YES;
				CLANG_WARN_DIRECT_OBJC_ISA_USAGE = YES_ERROR;
				CLANG_WARN_EMPTY_BODY = YES;
				CLANG_WARN_ENUM_CONVERSION = YES;
				CLANG_WARN_INT_CONVERSION = YES;
				CLANG_WARN_OBJC_ROOT_CLASS = YES_ERROR;
				CLANG_WARN_UNREACHABLE_CODE = YES;
				CLANG_WARN__DUPLICATE_METHOD_MATCH = YES;
				"CODE_SIGN_IDENTITY[sdk=iphoneos*]" = "iPhone Developer";
				COPY_PHASE_STRIP = NO;
				DEBUG_INFORMATION_FORMAT = dwarf;
				ENABLE_STRICT_OBJC_MSGSEND = YES;
				ENABLE_TESTABILITY = YES;
				GCC_C_LANGUAGE_STANDARD = gnu99;
				GCC_DYNAMIC_NO_PIC = NO;
				GCC_NO_COMMON_BLOCKS = YES;
				GCC_OPTIMIZATION_LEVEL = 0;
				GCC_PREPROCESSOR_DEFINITIONS = (
					"DEBUG=1",
					"$(inherited)",
				);
				GCC_WARN_64_TO_32_BIT_CONVERSION = YES;
				GCC_WARN_ABOUT_RETURN_TYPE = YES_ERROR;
				GCC_WARN_UNDECLARED_SELECTOR = YES;
				GCC_WARN_UNINITIALIZED_AUTOS = YES_AGGRESSIVE;
				GCC_WARN_UNUSED_FUNCTION = YES;
				GCC_WARN_UNUSED_VARIABLE = YES;
				IPHONEOS_DEPLOYMENT_TARGET = 9.3;
				MTL_ENABLE_DEBUG_INFO = YES;
				ONLY_ACTIVE_ARCH = YES;
				SDKROOT = iphoneos;
				TARGETED_DEVICE_FAMILY = "1,2";
			};
			name = Debug;
		};
		D04B57AF1D51D332000E6BC8 /* Release */ = {
			isa = XCBuildConfiguration;
			buildSettings = {
				ALWAYS_SEARCH_USER_PATHS = NO;
				CLANG_ANALYZER_NONNULL = YES;
				CLANG_CXX_LANGUAGE_STANDARD = "gnu++0x";
				CLANG_CXX_LIBRARY = "libc++";
				CLANG_ENABLE_MODULES = YES;
				CLANG_ENABLE_OBJC_ARC = YES;
				CLANG_WARN_BOOL_CONVERSION = YES;
				CLANG_WARN_CONSTANT_CONVERSION = YES;
				CLANG_WARN_DIRECT_OBJC_ISA_USAGE = YES_ERROR;
				CLANG_WARN_EMPTY_BODY = YES;
				CLANG_WARN_ENUM_CONVERSION = YES;
				CLANG_WARN_INT_CONVERSION = YES;
				CLANG_WARN_OBJC_ROOT_CLASS = YES_ERROR;
				CLANG_WARN_UNREACHABLE_CODE = YES;
				CLANG_WARN__DUPLICATE_METHOD_MATCH = YES;
				"CODE_SIGN_IDENTITY[sdk=iphoneos*]" = "iPhone Developer";
				COPY_PHASE_STRIP = NO;
				DEBUG_INFORMATION_FORMAT = "dwarf-with-dsym";
				ENABLE_NS_ASSERTIONS = NO;
				ENABLE_STRICT_OBJC_MSGSEND = YES;
				GCC_C_LANGUAGE_STANDARD = gnu99;
				GCC_NO_COMMON_BLOCKS = YES;
				GCC_WARN_64_TO_32_BIT_CONVERSION = YES;
				GCC_WARN_ABOUT_RETURN_TYPE = YES_ERROR;
				GCC_WARN_UNDECLARED_SELECTOR = YES;
				GCC_WARN_UNINITIALIZED_AUTOS = YES_AGGRESSIVE;
				GCC_WARN_UNUSED_FUNCTION = YES;
				GCC_WARN_UNUSED_VARIABLE = YES;
				IPHONEOS_DEPLOYMENT_TARGET = 9.3;
				MTL_ENABLE_DEBUG_INFO = NO;
				SDKROOT = iphoneos;
				TARGETED_DEVICE_FAMILY = "1,2";
				VALIDATE_PRODUCT = YES;
			};
			name = Release;
		};
		D04B57B11D51D332000E6BC8 /* Debug */ = {
			isa = XCBuildConfiguration;
			baseConfigurationReference = 774AC0B8310EEE74CFD93478 /* Pods-TestLeakDemo.debug.xcconfig */;
			buildSettings = {
				ASSETCATALOG_COMPILER_APPICON_NAME = AppIcon;
				INFOPLIST_FILE = TestLeakDemo/Info.plist;
				LD_RUNPATH_SEARCH_PATHS = "$(inherited) @executable_path/Frameworks";
				PRODUCT_BUNDLE_IDENTIFIER = com.cbw.TestLeakDemo;
				PRODUCT_NAME = "$(TARGET_NAME)";
			};
			name = Debug;
		};
		D04B57B21D51D332000E6BC8 /* Release */ = {
			isa = XCBuildConfiguration;
			baseConfigurationReference = 87519D318462CF60D2A1F6E2 /* Pods-TestLeakDemo.release.xcconfig */;
			buildSettings = {
				ASSETCATALOG_COMPILER_APPICON_NAME = AppIcon;
				INFOPLIST_FILE = TestLeakDemo/Info.plist;
				LD_RUNPATH_SEARCH_PATHS = "$(inherited) @executable_path/Frameworks";
				PRODUCT_BUNDLE_IDENTIFIER = com.cbw.TestLeakDemo;
				PRODUCT_NAME = "$(TARGET_NAME)";
			};
			name = Release;
		};
		D04B57B41D51D332000E6BC8 /* Debug */ = {
			isa = XCBuildConfiguration;
			buildSettings = {
				BUNDLE_LOADER = "$(TEST_HOST)";
				INFOPLIST_FILE = TestLeakDemoTests/Info.plist;
				LD_RUNPATH_SEARCH_PATHS = "$(inherited) @executable_path/Frameworks @loader_path/Frameworks";
				PRODUCT_BUNDLE_IDENTIFIER = com.cbw.TestLeakDemoTests;
				PRODUCT_NAME = "$(TARGET_NAME)";
				TEST_HOST = "$(BUILT_PRODUCTS_DIR)/TestLeakDemo.app/TestLeakDemo";
			};
			name = Debug;
		};
		D04B57B51D51D332000E6BC8 /* Release */ = {
			isa = XCBuildConfiguration;
			buildSettings = {
				BUNDLE_LOADER = "$(TEST_HOST)";
				INFOPLIST_FILE = TestLeakDemoTests/Info.plist;
				LD_RUNPATH_SEARCH_PATHS = "$(inherited) @executable_path/Frameworks @loader_path/Frameworks";
				PRODUCT_BUNDLE_IDENTIFIER = com.cbw.TestLeakDemoTests;
				PRODUCT_NAME = "$(TARGET_NAME)";
				TEST_HOST = "$(BUILT_PRODUCTS_DIR)/TestLeakDemo.app/TestLeakDemo";
			};
			name = Release;
		};
		D04B57B71D51D332000E6BC8 /* Debug */ = {
			isa = XCBuildConfiguration;
			buildSettings = {
				INFOPLIST_FILE = TestLeakDemoUITests/Info.plist;
				LD_RUNPATH_SEARCH_PATHS = "$(inherited) @executable_path/Frameworks @loader_path/Frameworks";
				PRODUCT_BUNDLE_IDENTIFIER = com.cbw.TestLeakDemoUITests;
				PRODUCT_NAME = "$(TARGET_NAME)";
				TEST_TARGET_NAME = TestLeakDemo;
			};
			name = Debug;
		};
		D04B57B81D51D332000E6BC8 /* Release */ = {
			isa = XCBuildConfiguration;
			buildSettings = {
				INFOPLIST_FILE = TestLeakDemoUITests/Info.plist;
				LD_RUNPATH_SEARCH_PATHS = "$(inherited) @executable_path/Frameworks @loader_path/Frameworks";
				PRODUCT_BUNDLE_IDENTIFIER = com.cbw.TestLeakDemoUITests;
				PRODUCT_NAME = "$(TARGET_NAME)";
				TEST_TARGET_NAME = TestLeakDemo;
			};
			name = Release;
		};
/* End XCBuildConfiguration section */

/* Begin XCConfigurationList section */
		D04B577E1D51D332000E6BC8 /* Build configuration list for PBXProject "TestLeakDemo" */ = {
			isa = XCConfigurationList;
			buildConfigurations = (
				D04B57AE1D51D332000E6BC8 /* Debug */,
				D04B57AF1D51D332000E6BC8 /* Release */,
			);
			defaultConfigurationIsVisible = 0;
			defaultConfigurationName = Release;
		};
		D04B57B01D51D332000E6BC8 /* Build configuration list for PBXNativeTarget "TestLeakDemo" */ = {
			isa = XCConfigurationList;
			buildConfigurations = (
				D04B57B11D51D332000E6BC8 /* Debug */,
				D04B57B21D51D332000E6BC8 /* Release */,
			);
			defaultConfigurationIsVisible = 0;
			defaultConfigurationName = Release;
		};
		D04B57B31D51D332000E6BC8 /* Build configuration list for PBXNativeTarget "TestLeakDemoTests" */ = {
			isa = XCConfigurationList;
			buildConfigurations = (
				D04B57B41D51D332000E6BC8 /* Debug */,
				D04B57B51D51D332000E6BC8 /* Release */,
			);
			defaultConfigurationIsVisible = 0;
			defaultConfigurationName = Release;
		};
		D04B57B61D51D332000E6BC8 /* Build configuration list for PBXNativeTarget "TestLeakDemoUITests" */ = {
			isa = XCConfigurationList;
			buildConfigurations = (
				D04B57B71D51D332000E6BC8 /* Debug */,
				D04B57B81D51D332000E6BC8 /* Release */,
			);
			defaultConfigurationIsVisible = 0;
			defaultConfigurationName = Release;
		};
/* End XCConfigurationList section */
	};
	rootObject = D04B577B1D51D332000E6BC8 /* Project object */;
}
